
Microsoft Visual Studio Solution File, Format Version 12.00
# Visual Studio Version 17
VisualStudioVersion = 17.8.34330.188
MinimumVisualStudioVersion = 10.0.40219.1
Project("{9A19103F-16F7-4668-BE54-9A1E7A4F7556}") = "BackEnd_SmartHouseThesis", "BackEnd_SmartHouseThesis\BackEnd_SmartHouseThesis.csproj", "{FC72D8B4-DC02-4D74-9702-0308D9565343}"
EndProject
Project("{9A19103F-16F7-4668-BE54-9A1E7A4F7556}") = "Infrastructure", "Infrastructure\Infrastructure.csproj", "{2600F4FF-3C3A-42F2-9EED-B24D1541AB63}"
EndProject
Project("{9A19103F-16F7-4668-BE54-9A1E7A4F7556}") = "Domain", "Domain\Domain.csproj", "{E1FAD1F1-A010-41B6-94CC-6FD5E6FCEC04}"
EndProject
Project("{9A19103F-16F7-4668-BE54-9A1E7A4F7556}") = "Application", "Application\Application.csproj", "{355F144A-7F69-48EE-9BAD-8A17DE8A42E3}"
EndProject
Project("{2150E333-8FDC-42A3-9474-1A3956D46DE8}") = "Solution Items", "Solution Items", "{C58318D5-D3EC-48A9-87BC-B6C86D70DD49}"
	ProjectSection(SolutionItems) = preProject
		Note.txt = Note.txt
	EndProjectSection
EndProject
Project("{2150E333-8FDC-42A3-9474-1A3956D46DE8}") = "ISHE_API", "ISHE_API", "{173AD630-7A68-4781-9413-A7BE4141F955}"
EndProject
Project("{2150E333-8FDC-42A3-9474-1A3956D46DE8}") = "ISHE_DATA", "ISHE_DATA", "{504F7EF2-7397-46F2-9608-E5A0BA6E7A34}"
EndProject
Project("{2150E333-8FDC-42A3-9474-1A3956D46DE8}") = "ISHE_SERVICE", "ISHE_SERVICE", "{2FA73784-E436-4C9B-93CE-38FC6DA53C60}"
EndProject
Project("{2150E333-8FDC-42A3-9474-1A3956D46DE8}") = "ISHE_INFRASTRUCTURE", "ISHE_INFRASTRUCTURE", "{D6224F0C-EBD0-4DED-AB95-A5970FA11472}"
EndProject
Global
	GlobalSection(SolutionConfigurationPlatforms) = preSolution
		Debug|Any CPU = Debug|Any CPU
		Release|Any CPU = Release|Any CPU
	EndGlobalSection
	GlobalSection(ProjectConfigurationPlatforms) = postSolution
		{FC72D8B4-DC02-4D74-9702-0308D9565343}.Debug|Any CPU.ActiveCfg = Debug|Any CPU
		{FC72D8B4-DC02-4D74-9702-0308D9565343}.Debug|Any CPU.Build.0 = Debug|Any CPU
		{FC72D8B4-DC02-4D74-9702-0308D9565343}.Release|Any CPU.ActiveCfg = Release|Any CPU
		{FC72D8B4-DC02-4D74-9702-0308D9565343}.Release|Any CPU.Build.0 = Release|Any CPU
		{2600F4FF-3C3A-42F2-9EED-B24D1541AB63}.Debug|Any CPU.ActiveCfg = Debug|Any CPU
		{2600F4FF-3C3A-42F2-9EED-B24D1541AB63}.Debug|Any CPU.Build.0 = Debug|Any CPU
		{2600F4FF-3C3A-42F2-9EED-B24D1541AB63}.Release|Any CPU.ActiveCfg = Release|Any CPU
		{2600F4FF-3C3A-42F2-9EED-B24D1541AB63}.Release|Any CPU.Build.0 = Release|Any CPU
		{E1FAD1F1-A010-41B6-94CC-6FD5E6FCEC04}.Debug|Any CPU.ActiveCfg = Debug|Any CPU
		{E1FAD1F1-A010-41B6-94CC-6FD5E6FCEC04}.Debug|Any CPU.Build.0 = Debug|Any CPU
		{E1FAD1F1-A010-41B6-94CC-6FD5E6FCEC04}.Release|Any CPU.ActiveCfg = Release|Any CPU
		{E1FAD1F1-A010-41B6-94CC-6FD5E6FCEC04}.Release|Any CPU.Build.0 = Release|Any CPU
		{355F144A-7F69-48EE-9BAD-8A17DE8A42E3}.Debug|Any CPU.ActiveCfg = Debug|Any CPU
		{355F144A-7F69-48EE-9BAD-8A17DE8A42E3}.Debug|Any CPU.Build.0 = Debug|Any CPU
		{355F144A-7F69-48EE-9BAD-8A17DE8A42E3}.Release|Any CPU.ActiveCfg = Release|Any CPU
		{355F144A-7F69-48EE-9BAD-8A17DE8A42E3}.Release|Any CPU.Build.0 = Release|Any CPU
	EndGlobalSection
	GlobalSection(SolutionProperties) = preSolution
		HideSolutionNode = FALSE
	EndGlobalSection
	GlobalSection(NestedProjects) = preSolution
		{FC72D8B4-DC02-4D74-9702-0308D9565343} = {173AD630-7A68-4781-9413-A7BE4141F955}
		{2600F4FF-3C3A-42F2-9EED-B24D1541AB63} = {D6224F0C-EBD0-4DED-AB95-A5970FA11472}
		{E1FAD1F1-A010-41B6-94CC-6FD5E6FCEC04} = {504F7EF2-7397-46F2-9608-E5A0BA6E7A34}
		{355F144A-7F69-48EE-9BAD-8A17DE8A42E3} = {2FA73784-E436-4C9B-93CE-38FC6DA53C60}
	EndGlobalSection
	GlobalSection(ExtensibilityGlobals) = postSolution
		SolutionGuid = {E6022C8A-BC2A-4290-A6A1-C0B373171A76}
	EndGlobalSection
EndGlobal
