
Microsoft Visual Studio Solution File, Format Version 12.00
# Visual Studio Version 17
VisualStudioVersion = 17.8.34330.188
MinimumVisualStudioVersion = 10.0.40219.1
Project("{FAE04EC0-301F-11D3-BF4B-00C04F79EFBC}") = "ISHE_API", "ISHE_API\ISHE_API.csproj", "{0AE689A0-5450-4E29-8E83-0195C7007B88}"
EndProject
Project("{FAE04EC0-301F-11D3-BF4B-00C04F79EFBC}") = "ISHE_Utility", "ISHE_Utility\ISHE_Utility.csproj", "{4B9EC730-EFFE-4D09-89C2-0ECFC8DB045C}"
EndProject
Project("{FAE04EC0-301F-11D3-BF4B-00C04F79EFBC}") = "ISHE_Service", "ISHE_Service\ISHE_Service.csproj", "{C6D5DBB1-A737-4541-854E-5FF11C699DD7}"
EndProject
Project("{FAE04EC0-301F-11D3-BF4B-00C04F79EFBC}") = "ISHE_Data", "ISHE_Data\ISHE_Data.csproj", "{BF21006A-4EBF-466C-A61F-E494BBF2ACC3}"
EndProject
Global
	GlobalSection(SolutionConfigurationPlatforms) = preSolution
		Debug|Any CPU = Debug|Any CPU
		Release|Any CPU = Release|Any CPU
	EndGlobalSection
	GlobalSection(ProjectConfigurationPlatforms) = postSolution
		{0AE689A0-5450-4E29-8E83-0195C7007B88}.Debug|Any CPU.ActiveCfg = Debug|Any CPU
		{0AE689A0-5450-4E29-8E83-0195C7007B88}.Debug|Any CPU.Build.0 = Debug|Any CPU
		{0AE689A0-5450-4E29-8E83-0195C7007B88}.Release|Any CPU.ActiveCfg = Release|Any CPU
		{0AE689A0-5450-4E29-8E83-0195C7007B88}.Release|Any CPU.Build.0 = Release|Any CPU
		{4B9EC730-EFFE-4D09-89C2-0ECFC8DB045C}.Debug|Any CPU.ActiveCfg = Debug|Any CPU
		{4B9EC730-EFFE-4D09-89C2-0ECFC8DB045C}.Debug|Any CPU.Build.0 = Debug|Any CPU
		{4B9EC730-EFFE-4D09-89C2-0ECFC8DB045C}.Release|Any CPU.ActiveCfg = Release|Any CPU
		{4B9EC730-EFFE-4D09-89C2-0ECFC8DB045C}.Release|Any CPU.Build.0 = Release|Any CPU
		{C6D5DBB1-A737-4541-854E-5FF11C699DD7}.Debug|Any CPU.ActiveCfg = Debug|Any CPU
		{C6D5DBB1-A737-4541-854E-5FF11C699DD7}.Debug|Any CPU.Build.0 = Debug|Any CPU
		{C6D5DBB1-A737-4541-854E-5FF11C699DD7}.Release|Any CPU.ActiveCfg = Release|Any CPU
		{C6D5DBB1-A737-4541-854E-5FF11C699DD7}.Release|Any CPU.Build.0 = Release|Any CPU
		{BF21006A-4EBF-466C-A61F-E494BBF2ACC3}.Debug|Any CPU.ActiveCfg = Debug|Any CPU
		{BF21006A-4EBF-466C-A61F-E494BBF2ACC3}.Debug|Any CPU.Build.0 = Debug|Any CPU
		{BF21006A-4EBF-466C-A61F-E494BBF2ACC3}.Release|Any CPU.ActiveCfg = Release|Any CPU
		{BF21006A-4EBF-466C-A61F-E494BBF2ACC3}.Release|Any CPU.Build.0 = Release|Any CPU
	EndGlobalSection
	GlobalSection(SolutionProperties) = preSolution
		HideSolutionNode = FALSE
	EndGlobalSection
	GlobalSection(ExtensibilityGlobals) = postSolution
		SolutionGuid = {0F23790A-C995-4FBD-AF2F-B32973A63E7F}
	EndGlobalSection
EndGlobal
